{
  "name": "node-red-project",
  "version": "0.0.1",
  "lockfileVersion": 2,
  "requires": true,
  "packages": {
    "": {
      "name": "node-red-project",
      "version": "0.0.1",
      "dependencies": {
        "legoino-util": "^2.0.1"
      }
    },
    "node_modules/debug": {
      "version": "4.3.4",
      "resolved": "https://registry.npmjs.org/debug/-/debug-4.3.4.tgz",
      "integrity": "sha512-PRWFHuSU3eDtQJPvnNY7Jcket1j0t5OuOsFzPPzsekD52Zl8qUfFIPEiswXqIvHWGVHOgX+7G/vCNNhehwxfkQ==",
      "dependencies": {
        "ms": "2.1.2"
      },
      "engines": {
        "node": ">=6.0"
      },
      "peerDependenciesMeta": {
        "supports-color": {
          "optional": true
        }
      }
    },
    "node_modules/legoino-device-information": {
      "version": "2.1.0",
      "resolved": "https://registry.npmjs.org/legoino-device-information/-/legoino-device-information-2.1.0.tgz",
      "integrity": "sha512-IwAbO2WEjulW0YozdNXM1e9Z8nG6s+VKGBtyBM+P8ioahS/HD3wkV0OZXu0FRaMJpo0o4q6ThitP5/sIXlR8qg=="
    },
    "node_modules/legoino-util": {
      "version": "2.0.1",
      "resolved": "https://registry.npmjs.org/legoino-util/-/legoino-util-2.0.1.tgz",
      "integrity": "sha512-J6qApdsgQnuiesYECmbFqwEs8YdILKeKjmuiSStkdq7GPRgS0mqCFUSjeGzi06P0X2QLDvks1aAZzSEd8oXJog==",
      "dependencies": {
        "debug": "^4.3.2",
        "legoino-device-information": "^2.1.0"
      }
    },
    "node_modules/ms": {
      "version": "2.1.2",
      "resolved": "https://registry.npmjs.org/ms/-/ms-2.1.2.tgz",
      "integrity": "sha512-sGkPx+VjMtmA6MX27oA4FBFELFCZZ4S4XqeGOXCv68tT+jb3vk/RyaKWP0PTKyWtmLSM0b+adUTEvbs1PEaH2w=="
    }
  },
  "dependencies": {
    "debug": {
      "version": "4.3.4",
      "resolved": "https://registry.npmjs.org/debug/-/debug-4.3.4.tgz",
      "integrity": "sha512-PRWFHuSU3eDtQJPvnNY7Jcket1j0t5OuOsFzPPzsekD52Zl8qUfFIPEiswXqIvHWGVHOgX+7G/vCNNhehwxfkQ==",
      "requires": {
        "ms": "2.1.2"
      }
    },
    "legoino-device-information": {
      "version": "2.1.0",
      "resolved": "https://registry.npmjs.org/legoino-device-information/-/legoino-device-information-2.1.0.tgz",
      "integrity": "sha512-IwAbO2WEjulW0YozdNXM1e9Z8nG6s+VKGBtyBM+P8ioahS/HD3wkV0OZXu0FRaMJpo0o4q6ThitP5/sIXlR8qg=="
    },
    "legoino-util": {
      "version": "2.0.1",
      "resolved": "https://registry.npmjs.org/legoino-util/-/legoino-util-2.0.1.tgz",
      "integrity": "sha512-J6qApdsgQnuiesYECmbFqwEs8YdILKeKjmuiSStkdq7GPRgS0mqCFUSjeGzi06P0X2QLDvks1aAZzSEd8oXJog==",
      "requires": {
        "debug": "^4.3.2",
        "legoino-device-information": "^2.1.0"
      }
    },
    "ms": {
      "version": "2.1.2",
      "resolved": "https://registry.npmjs.org/ms/-/ms-2.1.2.tgz",
      "integrity": "sha512-sGkPx+VjMtmA6MX27oA4FBFELFCZZ4S4XqeGOXCv68tT+jb3vk/RyaKWP0PTKyWtmLSM0b+adUTEvbs1PEaH2w=="
    }
  }
}
